# This file is automatically @generated by Cargo.
# It is not intended for manual editing.
version = 3

[[package]]
name = "cc"
version = "1.0.106"
source = "registry+https://github.com/rust-lang/crates.io-index"
checksum = "066fce287b1d4eafef758e89e09d724a24808a9196fe9756b8ca90e86d0719a2"

[[package]]
name = "once_cell"
version = "1.19.0"
source = "registry+https://github.com/rust-lang/crates.io-index"
checksum = "3fdb12b2476b595f9358c5161aa467c2438859caa136dec86c26fdd2efe17b92"

[[package]]
name = "proc-macro2"
version = "1.0.86"
source = "registry+https://github.com/rust-lang/crates.io-index"
checksum = "5e719e8df665df0d1c8fbfd238015744736151d4445ec0836b8e628aae103b77"
dependencies = [
 "unicode-ident",
]

[[package]]
name = "quote"
version = "1.0.36"
source = "registry+https://github.com/rust-lang/crates.io-index"
checksum = "0fa76aaf39101c457836aec0ce2316dbdc3ab723cdda1c6bd4e6ad4208acaca7"
dependencies = [
 "proc-macro2",
]

[[package]]
name = "savvy"
version = "0.6.5"
source = "registry+https://github.com/rust-lang/crates.io-index"
checksum = "b0cfcfad63256b6d35409f289ca5755afb94657837daedc6e6dbf53af1930d21"
dependencies = [
 "cc",
 "once_cell",
 "savvy-ffi",
 "savvy-macro",
]

[[package]]
name = "savvy-bindgen"
version = "0.6.5"
source = "registry+https://github.com/rust-lang/crates.io-index"
checksum = "e92163f898fcacd847da09bf274aedbb6a48c7c9e175c43863bcfc84fff2928c"
dependencies = [
 "proc-macro2",
 "quote",
 "syn",
]

[[package]]
name = "savvy-ffi"
version = "0.6.5"
source = "registry+https://github.com/rust-lang/crates.io-index"
checksum = "1ae1e950b974cbe3cc525fce04017ea6d4351305cc46892f63d0fc793ec8eb42"

[[package]]
name = "savvy-macro"
version = "0.6.5"
source = "registry+https://github.com/rust-lang/crates.io-index"
checksum = "0c23949b5caed7789475903a836ca1a7044cc4335a48a654f51137f551698a93"
dependencies = [
 "proc-macro2",
 "quote",
 "savvy-bindgen",
 "syn",
]

[[package]]
name = "syn"
version = "2.0.70"
source = "registry+https://github.com/rust-lang/crates.io-index"
checksum = "2f0209b68b3613b093e0ec905354eccaedcfe83b8cb37cbdeae64026c3064c16"
dependencies = [
 "proc-macro2",
 "quote",
 "unicode-ident",
]

[[package]]
name = "unicode-ident"
version = "1.0.12"
source = "registry+https://github.com/rust-lang/crates.io-index"
checksum = "3354b9ac3fae1ff6755cb6db53683adb661634f67557942dea4facebec0fee4b"

[[package]]
name = "vellogd"
version = "0.1.0"
dependencies = [
 "savvy",
]
